
Microsoft Visual Studio Solution File, Format Version 12.00
# Visual Studio 2013
VisualStudioVersion = 12.0.31101.0
MinimumVisualStudioVersion = 10.0.40219.1
Project("{FAE04EC0-301F-11D3-BF4B-00C04F79EFBC}") = "XFormsUI", "XFormsUI\XFormsUI\XFormsUI.csproj", "{CFA18E2F-3843-4A02-864D-F73346A4536C}"
EndProject
Project("{FAE04EC0-301F-11D3-BF4B-00C04F79EFBC}") = "XFormsUI.iOS", "XFormsUI\XFormsUI.iOS\XFormsUI.iOS.csproj", "{E7F4E289-6A70-4A7C-A974-4A08249E0390}"
EndProject
Project("{FAE04EC0-301F-11D3-BF4B-00C04F79EFBC}") = "XFormsUI.Droid", "XFormsUI\XFormsUI.Droid\XFormsUI.Droid.csproj", "{52F70267-2BDD-4E6E-9A9E-91D5FDEEAC54}"
EndProject
Project("{FAE04EC0-301F-11D3-BF4B-00C04F79EFBC}") = "XFormsUI.WinPhone", "XFormsUI\XFormsUI.WinPhone\XFormsUI.WinPhone.csproj", "{39506770-F3B5-48B9-940B-01B5BCE1C40D}"
EndProject
Global
	GlobalSection(SolutionConfigurationPlatforms) = preSolution
		Ad-Hoc|Any CPU = Ad-Hoc|Any CPU
		Ad-Hoc|ARM = Ad-Hoc|ARM
		Ad-Hoc|iPhone = Ad-Hoc|iPhone
		Ad-Hoc|iPhoneSimulator = Ad-Hoc|iPhoneSimulator
		Ad-Hoc|Mixed Platforms = Ad-Hoc|Mixed Platforms
		Ad-Hoc|x86 = Ad-Hoc|x86
		AppStore|Any CPU = AppStore|Any CPU
		AppStore|ARM = AppStore|ARM
		AppStore|iPhone = AppStore|iPhone
		AppStore|iPhoneSimulator = AppStore|iPhoneSimulator
		AppStore|Mixed Platforms = AppStore|Mixed Platforms
		AppStore|x86 = AppStore|x86
		Debug|Any CPU = Debug|Any CPU
		Debug|ARM = Debug|ARM
		Debug|iPhone = Debug|iPhone
		Debug|iPhoneSimulator = Debug|iPhoneSimulator
		Debug|Mixed Platforms = Debug|Mixed Platforms
		Debug|x86 = Debug|x86
		Release|Any CPU = Release|Any CPU
		Release|ARM = Release|ARM
		Release|iPhone = Release|iPhone
		Release|iPhoneSimulator = Release|iPhoneSimulator
		Release|Mixed Platforms = Release|Mixed Platforms
		Release|x86 = Release|x86
	EndGlobalSection
	GlobalSection(ProjectConfigurationPlatforms) = postSolution
		{CFA18E2F-3843-4A02-864D-F73346A4536C}.Ad-Hoc|Any CPU.ActiveCfg = Release|Any CPU
		{CFA18E2F-3843-4A02-864D-F73346A4536C}.Ad-Hoc|Any CPU.Build.0 = Release|Any CPU
		{CFA18E2F-3843-4A02-864D-F73346A4536C}.Ad-Hoc|ARM.ActiveCfg = Release|Any CPU
		{CFA18E2F-3843-4A02-864D-F73346A4536C}.Ad-Hoc|iPhone.ActiveCfg = Release|Any CPU
		{CFA18E2F-3843-4A02-864D-F73346A4536C}.Ad-Hoc|iPhoneSimulator.ActiveCfg = Release|Any CPU
		{CFA18E2F-3843-4A02-864D-F73346A4536C}.Ad-Hoc|Mixed Platforms.ActiveCfg = Release|Any CPU
		{CFA18E2F-3843-4A02-864D-F73346A4536C}.Ad-Hoc|Mixed Platforms.Build.0 = Release|Any CPU
		{CFA18E2F-3843-4A02-864D-F73346A4536C}.Ad-Hoc|x86.ActiveCfg = Release|Any CPU
		{CFA18E2F-3843-4A02-864D-F73346A4536C}.AppStore|Any CPU.ActiveCfg = Release|Any CPU
		{CFA18E2F-3843-4A02-864D-F73346A4536C}.AppStore|Any CPU.Build.0 = Release|Any CPU
		{CFA18E2F-3843-4A02-864D-F73346A4536C}.AppStore|ARM.ActiveCfg = Release|Any CPU
		{CFA18E2F-3843-4A02-864D-F73346A4536C}.AppStore|iPhone.ActiveCfg = Release|Any CPU
		{CFA18E2F-3843-4A02-864D-F73346A4536C}.AppStore|iPhoneSimulator.ActiveCfg = Release|Any CPU
		{CFA18E2F-3843-4A02-864D-F73346A4536C}.AppStore|Mixed Platforms.ActiveCfg = Release|Any CPU
		{CFA18E2F-3843-4A02-864D-F73346A4536C}.AppStore|Mixed Platforms.Build.0 = Release|Any CPU
		{CFA18E2F-3843-4A02-864D-F73346A4536C}.AppStore|x86.ActiveCfg = Release|Any CPU
		{CFA18E2F-3843-4A02-864D-F73346A4536C}.Debug|Any CPU.ActiveCfg = Debug|Any CPU
		{CFA18E2F-3843-4A02-864D-F73346A4536C}.Debug|Any CPU.Build.0 = Debug|Any CPU
		{CFA18E2F-3843-4A02-864D-F73346A4536C}.Debug|ARM.ActiveCfg = Debug|Any CPU
		{CFA18E2F-3843-4A02-864D-F73346A4536C}.Debug|iPhone.ActiveCfg = Debug|Any CPU
		{CFA18E2F-3843-4A02-864D-F73346A4536C}.Debug|iPhone.Build.0 = Debug|Any CPU
		{CFA18E2F-3843-4A02-864D-F73346A4536C}.Debug|iPhoneSimulator.ActiveCfg = Debug|Any CPU
		{CFA18E2F-3843-4A02-864D-F73346A4536C}.Debug|Mixed Platforms.ActiveCfg = Debug|Any CPU
		{CFA18E2F-3843-4A02-864D-F73346A4536C}.Debug|Mixed Platforms.Build.0 = Debug|Any CPU
		{CFA18E2F-3843-4A02-864D-F73346A4536C}.Debug|x86.ActiveCfg = Debug|Any CPU
		{CFA18E2F-3843-4A02-864D-F73346A4536C}.Release|Any CPU.ActiveCfg = Release|Any CPU
		{CFA18E2F-3843-4A02-864D-F73346A4536C}.Release|Any CPU.Build.0 = Release|Any CPU
		{CFA18E2F-3843-4A02-864D-F73346A4536C}.Release|ARM.ActiveCfg = Release|Any CPU
		{CFA18E2F-3843-4A02-864D-F73346A4536C}.Release|iPhone.ActiveCfg = Release|Any CPU
		{CFA18E2F-3843-4A02-864D-F73346A4536C}.Release|iPhoneSimulator.ActiveCfg = Release|Any CPU
		{CFA18E2F-3843-4A02-864D-F73346A4536C}.Release|Mixed Platforms.ActiveCfg = Release|Any CPU
		{CFA18E2F-3843-4A02-864D-F73346A4536C}.Release|Mixed Platforms.Build.0 = Release|Any CPU
		{CFA18E2F-3843-4A02-864D-F73346A4536C}.Release|x86.ActiveCfg = Release|Any CPU
		{E7F4E289-6A70-4A7C-A974-4A08249E0390}.Ad-Hoc|Any CPU.ActiveCfg = Ad-Hoc|iPhone
		{E7F4E289-6A70-4A7C-A974-4A08249E0390}.Ad-Hoc|ARM.ActiveCfg = Ad-Hoc|iPhone
		{E7F4E289-6A70-4A7C-A974-4A08249E0390}.Ad-Hoc|iPhone.ActiveCfg = Ad-Hoc|iPhone
		{E7F4E289-6A70-4A7C-A974-4A08249E0390}.Ad-Hoc|iPhone.Build.0 = Ad-Hoc|iPhone
		{E7F4E289-6A70-4A7C-A974-4A08249E0390}.Ad-Hoc|iPhoneSimulator.ActiveCfg = Ad-Hoc|iPhoneSimulator
		{E7F4E289-6A70-4A7C-A974-4A08249E0390}.Ad-Hoc|iPhoneSimulator.Build.0 = Ad-Hoc|iPhoneSimulator
		{E7F4E289-6A70-4A7C-A974-4A08249E0390}.Ad-Hoc|Mixed Platforms.ActiveCfg = Ad-Hoc|iPhone
		{E7F4E289-6A70-4A7C-A974-4A08249E0390}.Ad-Hoc|Mixed Platforms.Build.0 = Ad-Hoc|iPhone
		{E7F4E289-6A70-4A7C-A974-4A08249E0390}.Ad-Hoc|x86.ActiveCfg = Ad-Hoc|iPhone
		{E7F4E289-6A70-4A7C-A974-4A08249E0390}.AppStore|Any CPU.ActiveCfg = AppStore|iPhone
		{E7F4E289-6A70-4A7C-A974-4A08249E0390}.AppStore|ARM.ActiveCfg = AppStore|iPhone
		{E7F4E289-6A70-4A7C-A974-4A08249E0390}.AppStore|iPhone.ActiveCfg = AppStore|iPhone
		{E7F4E289-6A70-4A7C-A974-4A08249E0390}.AppStore|iPhone.Build.0 = AppStore|iPhone
		{E7F4E289-6A70-4A7C-A974-4A08249E0390}.AppStore|iPhoneSimulator.ActiveCfg = AppStore|iPhoneSimulator
		{E7F4E289-6A70-4A7C-A974-4A08249E0390}.AppStore|iPhoneSimulator.Build.0 = AppStore|iPhoneSimulator
		{E7F4E289-6A70-4A7C-A974-4A08249E0390}.AppStore|Mixed Platforms.ActiveCfg = AppStore|iPhone
		{E7F4E289-6A70-4A7C-A974-4A08249E0390}.AppStore|Mixed Platforms.Build.0 = AppStore|iPhone
		{E7F4E289-6A70-4A7C-A974-4A08249E0390}.AppStore|x86.ActiveCfg = AppStore|iPhone
		{E7F4E289-6A70-4A7C-A974-4A08249E0390}.Debug|Any CPU.ActiveCfg = Debug|iPhone
		{E7F4E289-6A70-4A7C-A974-4A08249E0390}.Debug|ARM.ActiveCfg = Debug|iPhone
		{E7F4E289-6A70-4A7C-A974-4A08249E0390}.Debug|iPhone.ActiveCfg = Debug|iPhone
		{E7F4E289-6A70-4A7C-A974-4A08249E0390}.Debug|iPhone.Build.0 = Debug|iPhone
		{E7F4E289-6A70-4A7C-A974-4A08249E0390}.Debug|iPhoneSimulator.ActiveCfg = Debug|iPhoneSimulator
		{E7F4E289-6A70-4A7C-A974-4A08249E0390}.Debug|iPhoneSimulator.Build.0 = Debug|iPhoneSimulator
		{E7F4E289-6A70-4A7C-A974-4A08249E0390}.Debug|Mixed Platforms.ActiveCfg = Debug|iPhone
		{E7F4E289-6A70-4A7C-A974-4A08249E0390}.Debug|Mixed Platforms.Build.0 = Debug|iPhone
		{E7F4E289-6A70-4A7C-A974-4A08249E0390}.Debug|x86.ActiveCfg = Debug|iPhone
		{E7F4E289-6A70-4A7C-A974-4A08249E0390}.Release|Any CPU.ActiveCfg = Release|iPhone
		{E7F4E289-6A70-4A7C-A974-4A08249E0390}.Release|ARM.ActiveCfg = Release|iPhone
		{E7F4E289-6A70-4A7C-A974-4A08249E0390}.Release|iPhone.ActiveCfg = Release|iPhone
		{E7F4E289-6A70-4A7C-A974-4A08249E0390}.Release|iPhone.Build.0 = Release|iPhone
		{E7F4E289-6A70-4A7C-A974-4A08249E0390}.Release|iPhoneSimulator.ActiveCfg = Release|iPhoneSimulator
		{E7F4E289-6A70-4A7C-A974-4A08249E0390}.Release|iPhoneSimulator.Build.0 = Release|iPhoneSimulator
		{E7F4E289-6A70-4A7C-A974-4A08249E0390}.Release|Mixed Platforms.ActiveCfg = Release|iPhone
		{E7F4E289-6A70-4A7C-A974-4A08249E0390}.Release|Mixed Platforms.Build.0 = Release|iPhone
		{E7F4E289-6A70-4A7C-A974-4A08249E0390}.Release|x86.ActiveCfg = Release|iPhone
		{52F70267-2BDD-4E6E-9A9E-91D5FDEEAC54}.Ad-Hoc|Any CPU.ActiveCfg = Release|Any CPU
		{52F70267-2BDD-4E6E-9A9E-91D5FDEEAC54}.Ad-Hoc|Any CPU.Build.0 = Release|Any CPU
		{52F70267-2BDD-4E6E-9A9E-91D5FDEEAC54}.Ad-Hoc|Any CPU.Deploy.0 = Release|Any CPU
		{52F70267-2BDD-4E6E-9A9E-91D5FDEEAC54}.Ad-Hoc|ARM.ActiveCfg = Release|Any CPU
		{52F70267-2BDD-4E6E-9A9E-91D5FDEEAC54}.Ad-Hoc|iPhone.ActiveCfg = Release|Any CPU
		{52F70267-2BDD-4E6E-9A9E-91D5FDEEAC54}.Ad-Hoc|iPhoneSimulator.ActiveCfg = Release|Any CPU
		{52F70267-2BDD-4E6E-9A9E-91D5FDEEAC54}.Ad-Hoc|Mixed Platforms.ActiveCfg = Release|Any CPU
		{52F70267-2BDD-4E6E-9A9E-91D5FDEEAC54}.Ad-Hoc|Mixed Platforms.Build.0 = Release|Any CPU
		{52F70267-2BDD-4E6E-9A9E-91D5FDEEAC54}.Ad-Hoc|Mixed Platforms.Deploy.0 = Release|Any CPU
		{52F70267-2BDD-4E6E-9A9E-91D5FDEEAC54}.Ad-Hoc|x86.ActiveCfg = Release|Any CPU
		{52F70267-2BDD-4E6E-9A9E-91D5FDEEAC54}.AppStore|Any CPU.ActiveCfg = Release|Any CPU
		{52F70267-2BDD-4E6E-9A9E-91D5FDEEAC54}.AppStore|Any CPU.Build.0 = Release|Any CPU
		{52F70267-2BDD-4E6E-9A9E-91D5FDEEAC54}.AppStore|Any CPU.Deploy.0 = Release|Any CPU
		{52F70267-2BDD-4E6E-9A9E-91D5FDEEAC54}.AppStore|ARM.ActiveCfg = Release|Any CPU
		{52F70267-2BDD-4E6E-9A9E-91D5FDEEAC54}.AppStore|iPhone.ActiveCfg = Release|Any CPU
		{52F70267-2BDD-4E6E-9A9E-91D5FDEEAC54}.AppStore|iPhoneSimulator.ActiveCfg = Release|Any CPU
		{52F70267-2BDD-4E6E-9A9E-91D5FDEEAC54}.AppStore|Mixed Platforms.ActiveCfg = Release|Any CPU
		{52F70267-2BDD-4E6E-9A9E-91D5FDEEAC54}.AppStore|Mixed Platforms.Build.0 = Release|Any CPU
		{52F70267-2BDD-4E6E-9A9E-91D5FDEEAC54}.AppStore|Mixed Platforms.Deploy.0 = Release|Any CPU
		{52F70267-2BDD-4E6E-9A9E-91D5FDEEAC54}.AppStore|x86.ActiveCfg = Release|Any CPU
		{52F70267-2BDD-4E6E-9A9E-91D5FDEEAC54}.Debug|Any CPU.ActiveCfg = Debug|Any CPU
		{52F70267-2BDD-4E6E-9A9E-91D5FDEEAC54}.Debug|Any CPU.Build.0 = Debug|Any CPU
		{52F70267-2BDD-4E6E-9A9E-91D5FDEEAC54}.Debug|Any CPU.Deploy.0 = Debug|Any CPU
		{52F70267-2BDD-4E6E-9A9E-91D5FDEEAC54}.Debug|ARM.ActiveCfg = Debug|Any CPU
		{52F70267-2BDD-4E6E-9A9E-91D5FDEEAC54}.Debug|iPhone.ActiveCfg = Debug|Any CPU
		{52F70267-2BDD-4E6E-9A9E-91D5FDEEAC54}.Debug|iPhoneSimulator.ActiveCfg = Debug|Any CPU
		{52F70267-2BDD-4E6E-9A9E-91D5FDEEAC54}.Debug|Mixed Platforms.ActiveCfg = Debug|Any CPU
		{52F70267-2BDD-4E6E-9A9E-91D5FDEEAC54}.Debug|Mixed Platforms.Build.0 = Debug|Any CPU
		{52F70267-2BDD-4E6E-9A9E-91D5FDEEAC54}.Debug|Mixed Platforms.Deploy.0 = Debug|Any CPU
		{52F70267-2BDD-4E6E-9A9E-91D5FDEEAC54}.Debug|x86.ActiveCfg = Debug|Any CPU
		{52F70267-2BDD-4E6E-9A9E-91D5FDEEAC54}.Release|Any CPU.ActiveCfg = Release|Any CPU
		{52F70267-2BDD-4E6E-9A9E-91D5FDEEAC54}.Release|Any CPU.Build.0 = Release|Any CPU
		{52F70267-2BDD-4E6E-9A9E-91D5FDEEAC54}.Release|Any CPU.Deploy.0 = Release|Any CPU
		{52F70267-2BDD-4E6E-9A9E-91D5FDEEAC54}.Release|ARM.ActiveCfg = Release|Any CPU
		{52F70267-2BDD-4E6E-9A9E-91D5FDEEAC54}.Release|iPhone.ActiveCfg = Release|Any CPU
		{52F70267-2BDD-4E6E-9A9E-91D5FDEEAC54}.Release|iPhoneSimulator.ActiveCfg = Release|Any CPU
		{52F70267-2BDD-4E6E-9A9E-91D5FDEEAC54}.Release|Mixed Platforms.ActiveCfg = Release|Any CPU
		{52F70267-2BDD-4E6E-9A9E-91D5FDEEAC54}.Release|Mixed Platforms.Build.0 = Release|Any CPU
		{52F70267-2BDD-4E6E-9A9E-91D5FDEEAC54}.Release|Mixed Platforms.Deploy.0 = Release|Any CPU
		{52F70267-2BDD-4E6E-9A9E-91D5FDEEAC54}.Release|x86.ActiveCfg = Release|Any CPU
		{39506770-F3B5-48B9-940B-01B5BCE1C40D}.Ad-Hoc|Any CPU.ActiveCfg = Release|Any CPU
		{39506770-F3B5-48B9-940B-01B5BCE1C40D}.Ad-Hoc|Any CPU.Build.0 = Release|Any CPU
		{39506770-F3B5-48B9-940B-01B5BCE1C40D}.Ad-Hoc|Any CPU.Deploy.0 = Release|Any CPU
		{39506770-F3B5-48B9-940B-01B5BCE1C40D}.Ad-Hoc|ARM.ActiveCfg = Release|ARM
		{39506770-F3B5-48B9-940B-01B5BCE1C40D}.Ad-Hoc|ARM.Build.0 = Release|ARM
		{39506770-F3B5-48B9-940B-01B5BCE1C40D}.Ad-Hoc|ARM.Deploy.0 = Release|ARM
		{39506770-F3B5-48B9-940B-01B5BCE1C40D}.Ad-Hoc|iPhone.ActiveCfg = Release|Any CPU
		{39506770-F3B5-48B9-940B-01B5BCE1C40D}.Ad-Hoc|iPhoneSimulator.ActiveCfg = Release|Any CPU
		{39506770-F3B5-48B9-940B-01B5BCE1C40D}.Ad-Hoc|Mixed Platforms.ActiveCfg = Release|x86
		{39506770-F3B5-48B9-940B-01B5BCE1C40D}.Ad-Hoc|Mixed Platforms.Build.0 = Release|x86
		{39506770-F3B5-48B9-940B-01B5BCE1C40D}.Ad-Hoc|Mixed Platforms.Deploy.0 = Release|x86
		{39506770-F3B5-48B9-940B-01B5BCE1C40D}.Ad-Hoc|x86.ActiveCfg = Release|x86
		{39506770-F3B5-48B9-940B-01B5BCE1C40D}.Ad-Hoc|x86.Build.0 = Release|x86
		{39506770-F3B5-48B9-940B-01B5BCE1C40D}.Ad-Hoc|x86.Deploy.0 = Release|x86
		{39506770-F3B5-48B9-940B-01B5BCE1C40D}.AppStore|Any CPU.ActiveCfg = Release|Any CPU
		{39506770-F3B5-48B9-940B-01B5BCE1C40D}.AppStore|Any CPU.Build.0 = Release|Any CPU
		{39506770-F3B5-48B9-940B-01B5BCE1C40D}.AppStore|Any CPU.Deploy.0 = Release|Any CPU
		{39506770-F3B5-48B9-940B-01B5BCE1C40D}.AppStore|ARM.ActiveCfg = Release|ARM
		{39506770-F3B5-48B9-940B-01B5BCE1C40D}.AppStore|ARM.Build.0 = Release|ARM
		{39506770-F3B5-48B9-940B-01B5BCE1C40D}.AppStore|ARM.Deploy.0 = Release|ARM
		{39506770-F3B5-48B9-940B-01B5BCE1C40D}.AppStore|iPhone.ActiveCfg = Release|Any CPU
		{39506770-F3B5-48B9-940B-01B5BCE1C40D}.AppStore|iPhoneSimulator.ActiveCfg = Release|Any CPU
		{39506770-F3B5-48B9-940B-01B5BCE1C40D}.AppStore|Mixed Platforms.ActiveCfg = Release|x86
		{39506770-F3B5-48B9-940B-01B5BCE1C40D}.AppStore|Mixed Platforms.Build.0 = Release|x86
		{39506770-F3B5-48B9-940B-01B5BCE1C40D}.AppStore|Mixed Platforms.Deploy.0 = Release|x86
		{39506770-F3B5-48B9-940B-01B5BCE1C40D}.AppStore|x86.ActiveCfg = Release|x86
		{39506770-F3B5-48B9-940B-01B5BCE1C40D}.AppStore|x86.Build.0 = Release|x86
		{39506770-F3B5-48B9-940B-01B5BCE1C40D}.AppStore|x86.Deploy.0 = Release|x86
		{39506770-F3B5-48B9-940B-01B5BCE1C40D}.Debug|Any CPU.ActiveCfg = Debug|Any CPU
		{39506770-F3B5-48B9-940B-01B5BCE1C40D}.Debug|Any CPU.Build.0 = Debug|Any CPU
		{39506770-F3B5-48B9-940B-01B5BCE1C40D}.Debug|Any CPU.Deploy.0 = Debug|Any CPU
		{39506770-F3B5-48B9-940B-01B5BCE1C40D}.Debug|ARM.ActiveCfg = Debug|ARM
		{39506770-F3B5-48B9-940B-01B5BCE1C40D}.Debug|ARM.Build.0 = Debug|ARM
		{39506770-F3B5-48B9-940B-01B5BCE1C40D}.Debug|ARM.Deploy.0 = Debug|ARM
		{39506770-F3B5-48B9-940B-01B5BCE1C40D}.Debug|iPhone.ActiveCfg = Debug|Any CPU
		{39506770-F3B5-48B9-940B-01B5BCE1C40D}.Debug|iPhoneSimulator.ActiveCfg = Debug|Any CPU
		{39506770-F3B5-48B9-940B-01B5BCE1C40D}.Debug|Mixed Platforms.ActiveCfg = Debug|x86
		{39506770-F3B5-48B9-940B-01B5BCE1C40D}.Debug|Mixed Platforms.Build.0 = Debug|x86
		{39506770-F3B5-48B9-940B-01B5BCE1C40D}.Debug|Mixed Platforms.Deploy.0 = Debug|x86
		{39506770-F3B5-48B9-940B-01B5BCE1C40D}.Debug|x86.ActiveCfg = Debug|x86
		{39506770-F3B5-48B9-940B-01B5BCE1C40D}.Debug|x86.Build.0 = Debug|x86
		{39506770-F3B5-48B9-940B-01B5BCE1C40D}.Debug|x86.Deploy.0 = Debug|x86
		{39506770-F3B5-48B9-940B-01B5BCE1C40D}.Release|Any CPU.ActiveCfg = Release|Any CPU
		{39506770-F3B5-48B9-940B-01B5BCE1C40D}.Release|Any CPU.Build.0 = Release|Any CPU
		{39506770-F3B5-48B9-940B-01B5BCE1C40D}.Release|Any CPU.Deploy.0 = Release|Any CPU
		{39506770-F3B5-48B9-940B-01B5BCE1C40D}.Release|ARM.ActiveCfg = Release|ARM
		{39506770-F3B5-48B9-940B-01B5BCE1C40D}.Release|ARM.Build.0 = Release|ARM
		{39506770-F3B5-48B9-940B-01B5BCE1C40D}.Release|ARM.Deploy.0 = Release|ARM
		{39506770-F3B5-48B9-940B-01B5BCE1C40D}.Release|iPhone.ActiveCfg = Release|Any CPU
		{39506770-F3B5-48B9-940B-01B5BCE1C40D}.Release|iPhoneSimulator.ActiveCfg = Release|Any CPU
		{39506770-F3B5-48B9-940B-01B5BCE1C40D}.Release|Mixed Platforms.ActiveCfg = Release|x86
		{39506770-F3B5-48B9-940B-01B5BCE1C40D}.Release|Mixed Platforms.Build.0 = Release|x86
		{39506770-F3B5-48B9-940B-01B5BCE1C40D}.Release|Mixed Platforms.Deploy.0 = Release|x86
		{39506770-F3B5-48B9-940B-01B5BCE1C40D}.Release|x86.ActiveCfg = Release|x86
		{39506770-F3B5-48B9-940B-01B5BCE1C40D}.Release|x86.Build.0 = Release|x86
		{39506770-F3B5-48B9-940B-01B5BCE1C40D}.Release|x86.Deploy.0 = Release|x86
	EndGlobalSection
	GlobalSection(SolutionProperties) = preSolution
		HideSolutionNode = FALSE
	EndGlobalSection
EndGlobal
